{
  "pins" : [
    {
      "identity" : "alamofire?ysclid=leo0h5dbj3719898344",
      "kind" : "remoteSourceControl",
      "location" : "https://github.com/Alamofire/Alamofire?ysclid=leo0h5dbj3719898344",
      "state" : {
        "revision" : "78424be314842833c04bc3bef5b72e85fff99204",
        "version" : "5.6.4"
      }
    },
    {
      "identity" : "snapkit?ysclid=lefpxb0ocd537749091",
      "kind" : "remoteSourceControl",
      "location" : "https://github.com/SnapKit/SnapKit?ysclid=lefpxb0ocd537749091",
      "state" : {
        "branch" : "develop",
        "revision" : "58320fe80522414bf3a7e24c88123581dc586752"
      }
    },
    {
      "identity" : "sqlite.swift",
      "kind" : "remoteSourceControl",
      "location" : "https://github.com/stephencelis/SQLite.swift",
      "state" : {
        "revision" : "7a2e3cd27de56f6d396e84f63beefd0267b55ccb",
        "version" : "0.14.1"
      }
    }
  ],
  "version" : 2
}
