// !$*UTF8*$!
{
	archiveVersion = 1;
	classes = {
	};
	objectVersion = 56;
	objects = {

/* Begin PBXBuildFile section */
		065538E029BB84A600E77CBC /* SQLite in Frameworks */ = {isa = PBXBuildFile; productRef = 065538DF29BB84A600E77CBC /* SQLite */; };
		065538E329BB8A6B00E77CBC /* CitiesJsonTestService.swift in Sources */ = {isa = PBXBuildFile; fileRef = 065538E229BB8A6B00E77CBC /* CitiesJsonTestService.swift */; };
		442D4D8429D7123F00F8A81F /* DatabaseService.swift in Sources */ = {isa = PBXBuildFile; fileRef = 442D4D8329D7123F00F8A81F /* DatabaseService.swift */; };
		44365D9A29C1AE8400BC96FF /* SettingsViewController.swift in Sources */ = {isa = PBXBuildFile; fileRef = 44365D9929C1AE8400BC96FF /* SettingsViewController.swift */; };
		443E423029ADF55A0046091B /* AppDelegate.swift in Sources */ = {isa = PBXBuildFile; fileRef = 443E422F29ADF55A0046091B /* AppDelegate.swift */; };
		443E423229ADF55A0046091B /* SceneDelegate.swift in Sources */ = {isa = PBXBuildFile; fileRef = 443E423129ADF55A0046091B /* SceneDelegate.swift */; };
		443E423429ADF55A0046091B /* MainScreenWithCollectinViewController.swift in Sources */ = {isa = PBXBuildFile; fileRef = 443E423329ADF55A0046091B /* MainScreenWithCollectinViewController.swift */; };
		443E423929ADF55A0046091B /* Assets.xcassets in Resources */ = {isa = PBXBuildFile; fileRef = 443E423829ADF55A0046091B /* Assets.xcassets */; };
		443E423C29ADF55A0046091B /* LaunchScreen.storyboard in Resources */ = {isa = PBXBuildFile; fileRef = 443E423A29ADF55A0046091B /* LaunchScreen.storyboard */; };
		443E424729ADF8600046091B /* SnapKit in Frameworks */ = {isa = PBXBuildFile; productRef = 443E424629ADF8600046091B /* SnapKit */; };
		443E424C29ADF8860046091B /* Alamofire in Frameworks */ = {isa = PBXBuildFile; productRef = 443E424B29ADF8860046091B /* Alamofire */; };
		443E424F29ADF9190046091B /* UIcolor + extension.swift in Sources */ = {isa = PBXBuildFile; fileRef = 443E424E29ADF9190046091B /* UIcolor + extension.swift */; };
		443E425229AE0EBF0046091B /* WeatherCellOnMainView.swift in Sources */ = {isa = PBXBuildFile; fileRef = 443E425129AE0EBF0046091B /* WeatherCellOnMainView.swift */; };
		443E425529AE2C210046091B /* NetworkManager.swift in Sources */ = {isa = PBXBuildFile; fileRef = 443E425429AE2C210046091B /* NetworkManager.swift */; };
		443E425729AE2C2A0046091B /* WeatherDataModel.swift in Sources */ = {isa = PBXBuildFile; fileRef = 443E425629AE2C2A0046091B /* WeatherDataModel.swift */; };
		443E425929AE2CB60046091B /* ApiKey.swift in Sources */ = {isa = PBXBuildFile; fileRef = 443E425829AE2CB60046091B /* ApiKey.swift */; };
		4452F7B929C8738E00A44149 /* FavoriteCityModel.swift in Sources */ = {isa = PBXBuildFile; fileRef = 4452F7B829C8738E00A44149 /* FavoriteCityModel.swift */; };
		4452F7BC29C87EA600A44149 /* FilterNavigationTopView.swift in Sources */ = {isa = PBXBuildFile; fileRef = 4452F7BB29C87EA600A44149 /* FilterNavigationTopView.swift */; };
		4452F7BE29C8B2FE00A44149 /* BarButtonItem + extension.swift in Sources */ = {isa = PBXBuildFile; fileRef = 4452F7BD29C8B2FE00A44149 /* BarButtonItem + extension.swift */; };
		4452F7C329CB364100A44149 /* CustomWeatherModelConvert.swift in Sources */ = {isa = PBXBuildFile; fileRef = 4452F7C229CB364100A44149 /* CustomWeatherModelConvert.swift */; };
		4452F7C629CB424800A44149 /* MapViewController.swift in Sources */ = {isa = PBXBuildFile; fileRef = 4452F7C529CB424800A44149 /* MapViewController.swift */; };
		445F592F29E42BEA00B3517C /* FutureTimeTableView.swift in Sources */ = {isa = PBXBuildFile; fileRef = 445F592E29E42BEA00B3517C /* FutureTimeTableView.swift */; };
		445F593129E4567600B3517C /* FutureTimeWeatherCell.swift in Sources */ = {isa = PBXBuildFile; fileRef = 445F593029E4567600B3517C /* FutureTimeWeatherCell.swift */; };
		44772AA129DC5F7300A77053 /* CellDataForViewModel.swift in Sources */ = {isa = PBXBuildFile; fileRef = 44772AA029DC5F7300A77053 /* CellDataForViewModel.swift */; };
		44772AA429DC61D000A77053 /* DataIterator.swift in Sources */ = {isa = PBXBuildFile; fileRef = 44772AA329DC61D000A77053 /* DataIterator.swift */; };
		44772AA829DC67F200A77053 /* CellViewModel.swift in Sources */ = {isa = PBXBuildFile; fileRef = 44772AA729DC67F200A77053 /* CellViewModel.swift */; };
		4488845829B7226800571676 /* MockMassive.swift in Sources */ = {isa = PBXBuildFile; fileRef = 4488845729B7226800571676 /* MockMassive.swift */; };
		4488845A29B725F200571676 /* GeoWeatherCellOnMainView.swift in Sources */ = {isa = PBXBuildFile; fileRef = 4488845929B725F200571676 /* GeoWeatherCellOnMainView.swift */; };
		449209EF2A138E290005044D /* cities.db in Resources */ = {isa = PBXBuildFile; fileRef = 449209EE2A138E030005044D /* cities.db */; };
		44B5AEA429B5DDBB00087692 /* ResultTableCitiesViewController.swift in Sources */ = {isa = PBXBuildFile; fileRef = 44B5AEA329B5DDBB00087692 /* ResultTableCitiesViewController.swift */; };
		44B5AEAA29B5E9DC00087692 /* AddCityViewController.swift in Sources */ = {isa = PBXBuildFile; fileRef = 44B5AEA929B5E9DC00087692 /* AddCityViewController.swift */; };
		44BDC5BB29E0221E0013057D /* DetailCityViewController.swift in Sources */ = {isa = PBXBuildFile; fileRef = 44BDC5BA29E0221E0013057D /* DetailCityViewController.swift */; };
		44BDC5BE29E02BA00013057D /* DetailCitySomeView.swift in Sources */ = {isa = PBXBuildFile; fileRef = 44BDC5BD29E02BA00013057D /* DetailCitySomeView.swift */; };
		44DFAAF629B1DBE3004E408D /* citylist.json in Resources */ = {isa = PBXBuildFile; fileRef = 44DFAAF529B1DBE3004E408D /* citylist.json */; };
		44F328B029C335E80011C296 /* FilterDegreesService.swift in Sources */ = {isa = PBXBuildFile; fileRef = 44F328AF29C335E80011C296 /* FilterDegreesService.swift */; };
/* End PBXBuildFile section */

/* Begin PBXFileReference section */
		065538E229BB8A6B00E77CBC /* CitiesJsonTestService.swift */ = {isa = PBXFileReference; lastKnownFileType = sourcecode.swift; path = CitiesJsonTestService.swift; sourceTree = "<group>"; };
		442D4D8329D7123F00F8A81F /* DatabaseService.swift */ = {isa = PBXFileReference; lastKnownFileType = sourcecode.swift; path = DatabaseService.swift; sourceTree = "<group>"; };
		44365D9929C1AE8400BC96FF /* SettingsViewController.swift */ = {isa = PBXFileReference; lastKnownFileType = sourcecode.swift; path = SettingsViewController.swift; sourceTree = "<group>"; };
		443E422C29ADF55A0046091B /* WidgetLike Weather.app */ = {isa = PBXFileReference; explicitFileType = wrapper.application; includeInIndex = 0; path = "WidgetLike Weather.app"; sourceTree = BUILT_PRODUCTS_DIR; };
		443E422F29ADF55A0046091B /* AppDelegate.swift */ = {isa = PBXFileReference; lastKnownFileType = sourcecode.swift; path = AppDelegate.swift; sourceTree = "<group>"; };
		443E423129ADF55A0046091B /* SceneDelegate.swift */ = {isa = PBXFileReference; lastKnownFileType = sourcecode.swift; path = SceneDelegate.swift; sourceTree = "<group>"; };
		443E423329ADF55A0046091B /* MainScreenWithCollectinViewController.swift */ = {isa = PBXFileReference; lastKnownFileType = sourcecode.swift; path = MainScreenWithCollectinViewController.swift; sourceTree = "<group>"; };
		443E423829ADF55A0046091B /* Assets.xcassets */ = {isa = PBXFileReference; lastKnownFileType = folder.assetcatalog; path = Assets.xcassets; sourceTree = "<group>"; };
		443E423B29ADF55A0046091B /* Base */ = {isa = PBXFileReference; lastKnownFileType = file.storyboard; name = Base; path = Base.lproj/LaunchScreen.storyboard; sourceTree = "<group>"; };
		443E423D29ADF55A0046091B /* Info.plist */ = {isa = PBXFileReference; lastKnownFileType = text.plist.xml; path = Info.plist; sourceTree = "<group>"; };
		443E424E29ADF9190046091B /* UIcolor + extension.swift */ = {isa = PBXFileReference; lastKnownFileType = sourcecode.swift; path = "UIcolor + extension.swift"; sourceTree = "<group>"; };
		443E425129AE0EBF0046091B /* WeatherCellOnMainView.swift */ = {isa = PBXFileReference; lastKnownFileType = sourcecode.swift; path = WeatherCellOnMainView.swift; sourceTree = "<group>"; };
		443E425429AE2C210046091B /* NetworkManager.swift */ = {isa = PBXFileReference; lastKnownFileType = sourcecode.swift; path = NetworkManager.swift; sourceTree = "<group>"; };
		443E425629AE2C2A0046091B /* WeatherDataModel.swift */ = {isa = PBXFileReference; lastKnownFileType = sourcecode.swift; path = WeatherDataModel.swift; sourceTree = "<group>"; };
		443E425829AE2CB60046091B /* ApiKey.swift */ = {isa = PBXFileReference; lastKnownFileType = sourcecode.swift; path = ApiKey.swift; sourceTree = "<group>"; };
		4452F7B829C8738E00A44149 /* FavoriteCityModel.swift */ = {isa = PBXFileReference; lastKnownFileType = sourcecode.swift; path = FavoriteCityModel.swift; sourceTree = "<group>"; };
		4452F7BB29C87EA600A44149 /* FilterNavigationTopView.swift */ = {isa = PBXFileReference; lastKnownFileType = sourcecode.swift; path = FilterNavigationTopView.swift; sourceTree = "<group>"; };
		4452F7BD29C8B2FE00A44149 /* BarButtonItem + extension.swift */ = {isa = PBXFileReference; lastKnownFileType = sourcecode.swift; path = "BarButtonItem + extension.swift"; sourceTree = "<group>"; };
		4452F7C229CB364100A44149 /* CustomWeatherModelConvert.swift */ = {isa = PBXFileReference; lastKnownFileType = sourcecode.swift; path = CustomWeatherModelConvert.swift; sourceTree = "<group>"; };
		4452F7C529CB424800A44149 /* MapViewController.swift */ = {isa = PBXFileReference; lastKnownFileType = sourcecode.swift; path = MapViewController.swift; sourceTree = "<group>"; };
		445F592E29E42BEA00B3517C /* FutureTimeTableView.swift */ = {isa = PBXFileReference; lastKnownFileType = sourcecode.swift; path = FutureTimeTableView.swift; sourceTree = "<group>"; };
		445F593029E4567600B3517C /* FutureTimeWeatherCell.swift */ = {isa = PBXFileReference; lastKnownFileType = sourcecode.swift; path = FutureTimeWeatherCell.swift; sourceTree = "<group>"; };
		44772AA029DC5F7300A77053 /* CellDataForViewModel.swift */ = {isa = PBXFileReference; lastKnownFileType = sourcecode.swift; path = CellDataForViewModel.swift; sourceTree = "<group>"; };
		44772AA329DC61D000A77053 /* DataIterator.swift */ = {isa = PBXFileReference; lastKnownFileType = sourcecode.swift; path = DataIterator.swift; sourceTree = "<group>"; };
		44772AA729DC67F200A77053 /* CellViewModel.swift */ = {isa = PBXFileReference; lastKnownFileType = sourcecode.swift; path = CellViewModel.swift; sourceTree = "<group>"; };
		4488845729B7226800571676 /* MockMassive.swift */ = {isa = PBXFileReference; lastKnownFileType = sourcecode.swift; path = MockMassive.swift; sourceTree = "<group>"; };
		4488845929B725F200571676 /* GeoWeatherCellOnMainView.swift */ = {isa = PBXFileReference; lastKnownFileType = sourcecode.swift; path = GeoWeatherCellOnMainView.swift; sourceTree = "<group>"; };
		449209EE2A138E030005044D /* cities.db */ = {isa = PBXFileReference; lastKnownFileType = file; name = cities.db; path = "WidgetLike Weather/cities.db"; sourceTree = SOURCE_ROOT; };
		44B5AEA329B5DDBB00087692 /* ResultTableCitiesViewController.swift */ = {isa = PBXFileReference; lastKnownFileType = sourcecode.swift; path = ResultTableCitiesViewController.swift; sourceTree = "<group>"; };
		44B5AEA929B5E9DC00087692 /* AddCityViewController.swift */ = {isa = PBXFileReference; lastKnownFileType = sourcecode.swift; path = AddCityViewController.swift; sourceTree = "<group>"; };
		44BDC5BA29E0221E0013057D /* DetailCityViewController.swift */ = {isa = PBXFileReference; lastKnownFileType = sourcecode.swift; path = DetailCityViewController.swift; sourceTree = "<group>"; };
		44BDC5BD29E02BA00013057D /* DetailCitySomeView.swift */ = {isa = PBXFileReference; lastKnownFileType = sourcecode.swift; path = DetailCitySomeView.swift; sourceTree = "<group>"; };
		44DFAAF529B1DBE3004E408D /* citylist.json */ = {isa = PBXFileReference; fileEncoding = 4; lastKnownFileType = text.json; path = citylist.json; sourceTree = "<group>"; };
		44F328AF29C335E80011C296 /* FilterDegreesService.swift */ = {isa = PBXFileReference; lastKnownFileType = sourcecode.swift; path = FilterDegreesService.swift; sourceTree = "<group>"; };
/* End PBXFileReference section */

/* Begin PBXFrameworksBuildPhase section */
		443E422929ADF55A0046091B /* Frameworks */ = {
			isa = PBXFrameworksBuildPhase;
			buildActionMask = 2147483647;
			files = (
				065538E029BB84A600E77CBC /* SQLite in Frameworks */,
				443E424C29ADF8860046091B /* Alamofire in Frameworks */,
				443E424729ADF8600046091B /* SnapKit in Frameworks */,
			);
			runOnlyForDeploymentPostprocessing = 0;
		};
/* End PBXFrameworksBuildPhase section */

/* Begin PBXGroup section */
		065538E129BB84E900E77CBC /* Data Layer */ = {
			isa = PBXGroup;
			children = (
				44772AA229DC619A00A77053 /* DataService */,
				443E425329AE2BEB0046091B /* Networking */,
			);
			path = "Data Layer";
			sourceTree = "<group>";
		};
		442D4D8229D7122F00F8A81F /* Database */ = {
			isa = PBXGroup;
			children = (
				442D4D8329D7123F00F8A81F /* DatabaseService.swift */,
			);
			path = Database;
			sourceTree = "<group>";
		};
		44365D9829C1AE5A00BC96FF /* FilterSettings */ = {
			isa = PBXGroup;
			children = (
				4452F7BA29C87E9900A44149 /* TopFilteredView */,
				44F328AE29C335DF0011C296 /* FilterSharing */,
				44365D9929C1AE8400BC96FF /* SettingsViewController.swift */,
			);
			path = FilterSettings;
			sourceTree = "<group>";
		};
		443E422329ADF55A0046091B = {
			isa = PBXGroup;
			children = (
				443E422E29ADF55A0046091B /* WidgetLike Weather */,
				443E422D29ADF55A0046091B /* Products */,
			);
			sourceTree = "<group>";
		};
		443E422D29ADF55A0046091B /* Products */ = {
			isa = PBXGroup;
			children = (
				443E422C29ADF55A0046091B /* WidgetLike Weather.app */,
			);
			name = Products;
			sourceTree = "<group>";
		};
		443E422E29ADF55A0046091B /* WidgetLike Weather */ = {
			isa = PBXGroup;
			children = (
				442D4D8229D7122F00F8A81F /* Database */,
				065538E129BB84E900E77CBC /* Data Layer */,
				443E425029AE0EB40046091B /* CustomCell */,
				443E424D29ADF90A0046091B /* Extensions */,
				443E424429ADF8400046091B /* View */,
				443E424329ADF8000046091B /* App files */,
				443E423D29ADF55A0046091B /* Info.plist */,
			);
			path = "WidgetLike Weather";
			sourceTree = "<group>";
		};
		443E424329ADF8000046091B /* App files */ = {
			isa = PBXGroup;
			children = (
				449209EE2A138E030005044D /* cities.db */,
				443E423829ADF55A0046091B /* Assets.xcassets */,
				443E422F29ADF55A0046091B /* AppDelegate.swift */,
				443E423129ADF55A0046091B /* SceneDelegate.swift */,
				443E423A29ADF55A0046091B /* LaunchScreen.storyboard */,
				4488845729B7226800571676 /* MockMassive.swift */,
			);
			path = "App files";
			sourceTree = "<group>";
		};
		443E424429ADF8400046091B /* View */ = {
			isa = PBXGroup;
			children = (
				44BDC5B729E021B30013057D /* PageView */,
				4452F7C429CB423C00A44149 /* MapView */,
				44365D9829C1AE5A00BC96FF /* FilterSettings */,
				44B5AEA729B5E9A900087692 /* AddCityScreen */,
				44B5AEA529B5E89400087692 /* TableOfCities */,
				44B5AEA829B5E9CB00087692 /* MainView */,
			);
			path = View;
			sourceTree = "<group>";
		};
		443E424D29ADF90A0046091B /* Extensions */ = {
			isa = PBXGroup;
			children = (
				443E424E29ADF9190046091B /* UIcolor + extension.swift */,
				4452F7BD29C8B2FE00A44149 /* BarButtonItem + extension.swift */,
			);
			path = Extensions;
			sourceTree = "<group>";
		};
		443E425029AE0EB40046091B /* CustomCell */ = {
			isa = PBXGroup;
			children = (
				443E425129AE0EBF0046091B /* WeatherCellOnMainView.swift */,
				4488845929B725F200571676 /* GeoWeatherCellOnMainView.swift */,
				4452F7C229CB364100A44149 /* CustomWeatherModelConvert.swift */,
				44772AA029DC5F7300A77053 /* CellDataForViewModel.swift */,
				44772AA729DC67F200A77053 /* CellViewModel.swift */,
			);
			path = CustomCell;
			sourceTree = "<group>";
		};
		443E425329AE2BEB0046091B /* Networking */ = {
			isa = PBXGroup;
			children = (
				44DFAAF429B1DBC9004E408D /* Cities list */,
				443E425C29AF4D8D0046091B /* Model */,
				443E425429AE2C210046091B /* NetworkManager.swift */,
				443E425829AE2CB60046091B /* ApiKey.swift */,
			);
			path = Networking;
			sourceTree = "<group>";
		};
		443E425C29AF4D8D0046091B /* Model */ = {
			isa = PBXGroup;
			children = (
				443E425629AE2C2A0046091B /* WeatherDataModel.swift */,
				4452F7B829C8738E00A44149 /* FavoriteCityModel.swift */,
			);
			path = Model;
			sourceTree = "<group>";
		};
		4452F7BA29C87E9900A44149 /* TopFilteredView */ = {
			isa = PBXGroup;
			children = (
				4452F7BB29C87EA600A44149 /* FilterNavigationTopView.swift */,
			);
			path = TopFilteredView;
			sourceTree = "<group>";
		};
		4452F7C429CB423C00A44149 /* MapView */ = {
			isa = PBXGroup;
			children = (
				4452F7C529CB424800A44149 /* MapViewController.swift */,
			);
			path = MapView;
			sourceTree = "<group>";
		};
		445F592D29E42BCE00B3517C /* WeekWeatherTable */ = {
			isa = PBXGroup;
			children = (
				445F592E29E42BEA00B3517C /* FutureTimeTableView.swift */,
				445F593029E4567600B3517C /* FutureTimeWeatherCell.swift */,
			);
			path = WeekWeatherTable;
			sourceTree = "<group>";
		};
		44772AA229DC619A00A77053 /* DataService */ = {
			isa = PBXGroup;
			children = (
				44772AA329DC61D000A77053 /* DataIterator.swift */,
			);
			path = DataService;
			sourceTree = "<group>";
		};
		44B5AEA529B5E89400087692 /* TableOfCities */ = {
			isa = PBXGroup;
			children = (
				44B5AEA329B5DDBB00087692 /* ResultTableCitiesViewController.swift */,
			);
			path = TableOfCities;
			sourceTree = "<group>";
		};
		44B5AEA729B5E9A900087692 /* AddCityScreen */ = {
			isa = PBXGroup;
			children = (
				44B5AEA929B5E9DC00087692 /* AddCityViewController.swift */,
			);
			path = AddCityScreen;
			sourceTree = "<group>";
		};
		44B5AEA829B5E9CB00087692 /* MainView */ = {
			isa = PBXGroup;
			children = (
				443E423329ADF55A0046091B /* MainScreenWithCollectinViewController.swift */,
			);
			path = MainView;
			sourceTree = "<group>";
		};
		44BDC5B729E021B30013057D /* PageView */ = {
			isa = PBXGroup;
			children = (
				44BDC5BC29E02B3C0013057D /* ViewPage */,
				44BDC5BA29E0221E0013057D /* DetailCityViewController.swift */,
			);
			path = PageView;
			sourceTree = "<group>";
		};
		44BDC5BC29E02B3C0013057D /* ViewPage */ = {
			isa = PBXGroup;
			children = (
				445F592D29E42BCE00B3517C /* WeekWeatherTable */,
				44BDC5BD29E02BA00013057D /* DetailCitySomeView.swift */,
			);
			path = ViewPage;
			sourceTree = "<group>";
		};
		44DFAAF429B1DBC9004E408D /* Cities list */ = {
			isa = PBXGroup;
			children = (
				44DFAAF529B1DBE3004E408D /* citylist.json */,
				065538E229BB8A6B00E77CBC /* CitiesJsonTestService.swift */,
			);
			path = "Cities list";
			sourceTree = "<group>";
		};
		44F328AE29C335DF0011C296 /* FilterSharing */ = {
			isa = PBXGroup;
			children = (
				44F328AF29C335E80011C296 /* FilterDegreesService.swift */,
			);
			path = FilterSharing;
			sourceTree = "<group>";
		};
/* End PBXGroup section */

/* Begin PBXNativeTarget section */
		443E422B29ADF55A0046091B /* WidgetLike Weather */ = {
			isa = PBXNativeTarget;
			buildConfigurationList = 443E424029ADF55A0046091B /* Build configuration list for PBXNativeTarget "WidgetLike Weather" */;
			buildPhases = (
				443E422829ADF55A0046091B /* Sources */,
				443E422929ADF55A0046091B /* Frameworks */,
				443E422A29ADF55A0046091B /* Resources */,
			);
			buildRules = (
			);
			dependencies = (
			);
			name = "WidgetLike Weather";
			packageProductDependencies = (
				443E424629ADF8600046091B /* SnapKit */,
				443E424B29ADF8860046091B /* Alamofire */,
				065538DF29BB84A600E77CBC /* SQLite */,
			);
			productName = "WidgetLike Weather";
			productReference = 443E422C29ADF55A0046091B /* WidgetLike Weather.app */;
			productType = "com.apple.product-type.application";
		};
/* End PBXNativeTarget section */

/* Begin PBXProject section */
		443E422429ADF55A0046091B /* Project object */ = {
			isa = PBXProject;
			attributes = {
				BuildIndependentTargetsInParallel = 1;
				LastSwiftUpdateCheck = 1420;
				LastUpgradeCheck = 1420;
				TargetAttributes = {
					443E422B29ADF55A0046091B = {
						CreatedOnToolsVersion = 14.2;
					};
				};
			};
			buildConfigurationList = 443E422729ADF55A0046091B /* Build configuration list for PBXProject "WidgetLike Weather" */;
			compatibilityVersion = "Xcode 14.0";
			developmentRegion = en;
			hasScannedForEncodings = 0;
			knownRegions = (
				en,
				Base,
			);
			mainGroup = 443E422329ADF55A0046091B;
			packageReferences = (
				443E424529ADF8600046091B /* XCRemoteSwiftPackageReference "SnapKit" */,
				443E424A29ADF8860046091B /* XCRemoteSwiftPackageReference "Alamofire" */,
				065538DE29BB84A600E77CBC /* XCRemoteSwiftPackageReference "SQLite" */,
			);
			productRefGroup = 443E422D29ADF55A0046091B /* Products */;
			projectDirPath = "";
			projectRoot = "";
			targets = (
				443E422B29ADF55A0046091B /* WidgetLike Weather */,
			);
		};
/* End PBXProject section */

/* Begin PBXResourcesBuildPhase section */
		443E422A29ADF55A0046091B /* Resources */ = {
			isa = PBXResourcesBuildPhase;
			buildActionMask = 2147483647;
			files = (
				443E423C29ADF55A0046091B /* LaunchScreen.storyboard in Resources */,
				443E423929ADF55A0046091B /* Assets.xcassets in Resources */,
				449209EF2A138E290005044D /* cities.db in Resources */,
				44DFAAF629B1DBE3004E408D /* citylist.json in Resources */,
			);
			runOnlyForDeploymentPostprocessing = 0;
		};
/* End PBXResourcesBuildPhase section */

/* Begin PBXSourcesBuildPhase section */
		443E422829ADF55A0046091B /* Sources */ = {
			isa = PBXSourcesBuildPhase;
			buildActionMask = 2147483647;
			files = (
				443E425529AE2C210046091B /* NetworkManager.swift in Sources */,
				44365D9A29C1AE8400BC96FF /* SettingsViewController.swift in Sources */,
				445F593129E4567600B3517C /* FutureTimeWeatherCell.swift in Sources */,
				4488845829B7226800571676 /* MockMassive.swift in Sources */,
				4452F7BC29C87EA600A44149 /* FilterNavigationTopView.swift in Sources */,
				065538E329BB8A6B00E77CBC /* CitiesJsonTestService.swift in Sources */,
				44772AA829DC67F200A77053 /* CellViewModel.swift in Sources */,
				44F328B029C335E80011C296 /* FilterDegreesService.swift in Sources */,
				4452F7BE29C8B2FE00A44149 /* BarButtonItem + extension.swift in Sources */,
				445F592F29E42BEA00B3517C /* FutureTimeTableView.swift in Sources */,
				44B5AEA429B5DDBB00087692 /* ResultTableCitiesViewController.swift in Sources */,
				44BDC5BE29E02BA00013057D /* DetailCitySomeView.swift in Sources */,
				44B5AEAA29B5E9DC00087692 /* AddCityViewController.swift in Sources */,
				443E423429ADF55A0046091B /* MainScreenWithCollectinViewController.swift in Sources */,
				4452F7C329CB364100A44149 /* CustomWeatherModelConvert.swift in Sources */,
				443E425929AE2CB60046091B /* ApiKey.swift in Sources */,
				442D4D8429D7123F00F8A81F /* DatabaseService.swift in Sources */,
				4452F7C629CB424800A44149 /* MapViewController.swift in Sources */,
				44772AA429DC61D000A77053 /* DataIterator.swift in Sources */,
				443E425729AE2C2A0046091B /* WeatherDataModel.swift in Sources */,
				443E424F29ADF9190046091B /* UIcolor + extension.swift in Sources */,
				443E425229AE0EBF0046091B /* WeatherCellOnMainView.swift in Sources */,
				443E423029ADF55A0046091B /* AppDelegate.swift in Sources */,
				44772AA129DC5F7300A77053 /* CellDataForViewModel.swift in Sources */,
				4488845A29B725F200571676 /* GeoWeatherCellOnMainView.swift in Sources */,
				44BDC5BB29E0221E0013057D /* DetailCityViewController.swift in Sources */,
				4452F7B929C8738E00A44149 /* FavoriteCityModel.swift in Sources */,
				443E423229ADF55A0046091B /* SceneDelegate.swift in Sources */,
			);
			runOnlyForDeploymentPostprocessing = 0;
		};
/* End PBXSourcesBuildPhase section */

/* Begin PBXVariantGroup section */
		443E423A29ADF55A0046091B /* LaunchScreen.storyboard */ = {
			isa = PBXVariantGroup;
			children = (
				443E423B29ADF55A0046091B /* Base */,
			);
			name = LaunchScreen.storyboard;
			sourceTree = "<group>";
		};
/* End PBXVariantGroup section */

/* Begin XCBuildConfiguration section */
		443E423E29ADF55A0046091B /* Debug */ = {
			isa = XCBuildConfiguration;
			buildSettings = {
				ALWAYS_SEARCH_USER_PATHS = NO;
				CLANG_ANALYZER_NONNULL = YES;
				CLANG_ANALYZER_NUMBER_OBJECT_CONVERSION = YES_AGGRESSIVE;
				CLANG_CXX_LANGUAGE_STANDARD = "gnu++20";
				CLANG_ENABLE_MODULES = YES;
				CLANG_ENABLE_OBJC_ARC = YES;
				CLANG_ENABLE_OBJC_WEAK = YES;
				CLANG_WARN_BLOCK_CAPTURE_AUTORELEASING = YES;
				CLANG_WARN_BOOL_CONVERSION = YES;
				CLANG_WARN_COMMA = YES;
				CLANG_WARN_CONSTANT_CONVERSION = YES;
				CLANG_WARN_DEPRECATED_OBJC_IMPLEMENTATIONS = YES;
				CLANG_WARN_DIRECT_OBJC_ISA_USAGE = YES_ERROR;
				CLANG_WARN_DOCUMENTATION_COMMENTS = YES;
				CLANG_WARN_EMPTY_BODY = YES;
				CLANG_WARN_ENUM_CONVERSION = YES;
				CLANG_WARN_INFINITE_RECURSION = YES;
				CLANG_WARN_INT_CONVERSION = YES;
				CLANG_WARN_NON_LITERAL_NULL_CONVERSION = YES;
				CLANG_WARN_OBJC_IMPLICIT_RETAIN_SELF = YES;
				CLANG_WARN_OBJC_LITERAL_CONVERSION = YES;
				CLANG_WARN_OBJC_ROOT_CLASS = YES_ERROR;
				CLANG_WARN_QUOTED_INCLUDE_IN_FRAMEWORK_HEADER = YES;
				CLANG_WARN_RANGE_LOOP_ANALYSIS = YES;
				CLANG_WARN_STRICT_PROTOTYPES = YES;
				CLANG_WARN_SUSPICIOUS_MOVE = YES;
				CLANG_WARN_UNGUARDED_AVAILABILITY = YES_AGGRESSIVE;
				CLANG_WARN_UNREACHABLE_CODE = YES;
				CLANG_WARN__DUPLICATE_METHOD_MATCH = YES;
				COPY_PHASE_STRIP = NO;
				DEBUG_INFORMATION_FORMAT = dwarf;
				ENABLE_STRICT_OBJC_MSGSEND = YES;
				ENABLE_TESTABILITY = YES;
				GCC_C_LANGUAGE_STANDARD = gnu11;
				GCC_DYNAMIC_NO_PIC = NO;
				GCC_NO_COMMON_BLOCKS = YES;
				GCC_OPTIMIZATION_LEVEL = 0;
				GCC_PREPROCESSOR_DEFINITIONS = (
					"DEBUG=1",
					"$(inherited)",
				);
				GCC_WARN_64_TO_32_BIT_CONVERSION = YES;
				GCC_WARN_ABOUT_RETURN_TYPE = YES_ERROR;
				GCC_WARN_UNDECLARED_SELECTOR = YES;
				GCC_WARN_UNINITIALIZED_AUTOS = YES_AGGRESSIVE;
				GCC_WARN_UNUSED_FUNCTION = YES;
				GCC_WARN_UNUSED_VARIABLE = YES;
				IPHONEOS_DEPLOYMENT_TARGET = 16.2;
				MTL_ENABLE_DEBUG_INFO = INCLUDE_SOURCE;
				MTL_FAST_MATH = YES;
				ONLY_ACTIVE_ARCH = YES;
				SDKROOT = iphoneos;
				SWIFT_ACTIVE_COMPILATION_CONDITIONS = DEBUG;
				SWIFT_OPTIMIZATION_LEVEL = "-Onone";
			};
			name = Debug;
		};
		443E423F29ADF55A0046091B /* Release */ = {
			isa = XCBuildConfiguration;
			buildSettings = {
				ALWAYS_SEARCH_USER_PATHS = NO;
				CLANG_ANALYZER_NONNULL = YES;
				CLANG_ANALYZER_NUMBER_OBJECT_CONVERSION = YES_AGGRESSIVE;
				CLANG_CXX_LANGUAGE_STANDARD = "gnu++20";
				CLANG_ENABLE_MODULES = YES;
				CLANG_ENABLE_OBJC_ARC = YES;
				CLANG_ENABLE_OBJC_WEAK = YES;
				CLANG_WARN_BLOCK_CAPTURE_AUTORELEASING = YES;
				CLANG_WARN_BOOL_CONVERSION = YES;
				CLANG_WARN_COMMA = YES;
				CLANG_WARN_CONSTANT_CONVERSION = YES;
				CLANG_WARN_DEPRECATED_OBJC_IMPLEMENTATIONS = YES;
				CLANG_WARN_DIRECT_OBJC_ISA_USAGE = YES_ERROR;
				CLANG_WARN_DOCUMENTATION_COMMENTS = YES;
				CLANG_WARN_EMPTY_BODY = YES;
				CLANG_WARN_ENUM_CONVERSION = YES;
				CLANG_WARN_INFINITE_RECURSION = YES;
				CLANG_WARN_INT_CONVERSION = YES;
				CLANG_WARN_NON_LITERAL_NULL_CONVERSION = YES;
				CLANG_WARN_OBJC_IMPLICIT_RETAIN_SELF = YES;
				CLANG_WARN_OBJC_LITERAL_CONVERSION = YES;
				CLANG_WARN_OBJC_ROOT_CLASS = YES_ERROR;
				CLANG_WARN_QUOTED_INCLUDE_IN_FRAMEWORK_HEADER = YES;
				CLANG_WARN_RANGE_LOOP_ANALYSIS = YES;
				CLANG_WARN_STRICT_PROTOTYPES = YES;
				CLANG_WARN_SUSPICIOUS_MOVE = YES;
				CLANG_WARN_UNGUARDED_AVAILABILITY = YES_AGGRESSIVE;
				CLANG_WARN_UNREACHABLE_CODE = YES;
				CLANG_WARN__DUPLICATE_METHOD_MATCH = YES;
				COPY_PHASE_STRIP = NO;
				DEBUG_INFORMATION_FORMAT = "dwarf-with-dsym";
				ENABLE_NS_ASSERTIONS = NO;
				ENABLE_STRICT_OBJC_MSGSEND = YES;
				GCC_C_LANGUAGE_STANDARD = gnu11;
				GCC_NO_COMMON_BLOCKS = YES;
				GCC_WARN_64_TO_32_BIT_CONVERSION = YES;
				GCC_WARN_ABOUT_RETURN_TYPE = YES_ERROR;
				GCC_WARN_UNDECLARED_SELECTOR = YES;
				GCC_WARN_UNINITIALIZED_AUTOS = YES_AGGRESSIVE;
				GCC_WARN_UNUSED_FUNCTION = YES;
				GCC_WARN_UNUSED_VARIABLE = YES;
				IPHONEOS_DEPLOYMENT_TARGET = 16.2;
				MTL_ENABLE_DEBUG_INFO = NO;
				MTL_FAST_MATH = YES;
				SDKROOT = iphoneos;
				SWIFT_COMPILATION_MODE = wholemodule;
				SWIFT_OPTIMIZATION_LEVEL = "-O";
				VALIDATE_PRODUCT = YES;
			};
			name = Release;
		};
		443E424129ADF55A0046091B /* Debug */ = {
			isa = XCBuildConfiguration;
			buildSettings = {
				ASSETCATALOG_COMPILER_APPICON_NAME = AppIcon;
				ASSETCATALOG_COMPILER_GLOBAL_ACCENT_COLOR_NAME = AccentColor;
				CODE_SIGN_STYLE = Automatic;
				CURRENT_PROJECT_VERSION = 1;
				DEVELOPMENT_TEAM = Q7D95C8V9R;
				GENERATE_INFOPLIST_FILE = YES;
				INFOPLIST_FILE = "WidgetLike Weather/Info.plist";
				INFOPLIST_KEY_NSLocationWhenInUseUsageDescription = "We need your location data";
				INFOPLIST_KEY_UIApplicationSupportsIndirectInputEvents = YES;
				INFOPLIST_KEY_UILaunchStoryboardName = LaunchScreen;
				INFOPLIST_KEY_UISupportedInterfaceOrientations_iPad = "UIInterfaceOrientationPortrait UIInterfaceOrientationPortraitUpsideDown UIInterfaceOrientationLandscapeLeft UIInterfaceOrientationLandscapeRight";
				INFOPLIST_KEY_UISupportedInterfaceOrientations_iPhone = "UIInterfaceOrientationPortrait UIInterfaceOrientationLandscapeLeft UIInterfaceOrientationLandscapeRight";
				LD_RUNPATH_SEARCH_PATHS = (
					"$(inherited)",
					"@executable_path/Frameworks",
				);
				MARKETING_VERSION = 1.0;
				PRODUCT_BUNDLE_IDENTIFIER = "com.artem.WidgetLike-Weather";
				PRODUCT_NAME = "$(TARGET_NAME)";
				SWIFT_EMIT_LOC_STRINGS = YES;
				SWIFT_VERSION = 5.0;
				TARGETED_DEVICE_FAMILY = "1,2";
			};
			name = Debug;
		};
		443E424229ADF55A0046091B /* Release */ = {
			isa = XCBuildConfiguration;
			buildSettings = {
				ASSETCATALOG_COMPILER_APPICON_NAME = AppIcon;
				ASSETCATALOG_COMPILER_GLOBAL_ACCENT_COLOR_NAME = AccentColor;
				CODE_SIGN_STYLE = Automatic;
				CURRENT_PROJECT_VERSION = 1;
				DEVELOPMENT_TEAM = Q7D95C8V9R;
				GENERATE_INFOPLIST_FILE = YES;
				INFOPLIST_FILE = "WidgetLike Weather/Info.plist";
				INFOPLIST_KEY_NSLocationWhenInUseUsageDescription = "We need your location data";
				INFOPLIST_KEY_UIApplicationSupportsIndirectInputEvents = YES;
				INFOPLIST_KEY_UILaunchStoryboardName = LaunchScreen;
				INFOPLIST_KEY_UISupportedInterfaceOrientations_iPad = "UIInterfaceOrientationPortrait UIInterfaceOrientationPortraitUpsideDown UIInterfaceOrientationLandscapeLeft UIInterfaceOrientationLandscapeRight";
				INFOPLIST_KEY_UISupportedInterfaceOrientations_iPhone = "UIInterfaceOrientationPortrait UIInterfaceOrientationLandscapeLeft UIInterfaceOrientationLandscapeRight";
				LD_RUNPATH_SEARCH_PATHS = (
					"$(inherited)",
					"@executable_path/Frameworks",
				);
				MARKETING_VERSION = 1.0;
				PRODUCT_BUNDLE_IDENTIFIER = "com.artem.WidgetLike-Weather";
				PRODUCT_NAME = "$(TARGET_NAME)";
				SWIFT_ACTIVE_COMPILATION_CONDITIONS = RELEASE;
				SWIFT_EMIT_LOC_STRINGS = YES;
				SWIFT_VERSION = 5.0;
				TARGETED_DEVICE_FAMILY = "1,2";
			};
			name = Release;
		};
/* End XCBuildConfiguration section */

/* Begin XCConfigurationList section */
		443E422729ADF55A0046091B /* Build configuration list for PBXProject "WidgetLike Weather" */ = {
			isa = XCConfigurationList;
			buildConfigurations = (
				443E423E29ADF55A0046091B /* Debug */,
				443E423F29ADF55A0046091B /* Release */,
			);
			defaultConfigurationIsVisible = 0;
			defaultConfigurationName = Release;
		};
		443E424029ADF55A0046091B /* Build configuration list for PBXNativeTarget "WidgetLike Weather" */ = {
			isa = XCConfigurationList;
			buildConfigurations = (
				443E424129ADF55A0046091B /* Debug */,
				443E424229ADF55A0046091B /* Release */,
			);
			defaultConfigurationIsVisible = 0;
			defaultConfigurationName = Release;
		};
/* End XCConfigurationList section */

/* Begin XCRemoteSwiftPackageReference section */
		065538DE29BB84A600E77CBC /* XCRemoteSwiftPackageReference "SQLite" */ = {
			isa = XCRemoteSwiftPackageReference;
			repositoryURL = "https://github.com/stephencelis/SQLite.swift";
			requirement = {
				kind = upToNextMajorVersion;
				minimumVersion = 0.9.2;
			};
		};
		443E424529ADF8600046091B /* XCRemoteSwiftPackageReference "SnapKit" */ = {
			isa = XCRemoteSwiftPackageReference;
			repositoryURL = "https://github.com/SnapKit/SnapKit?ysclid=lefpxb0ocd537749091";
			requirement = {
				branch = develop;
				kind = branch;
			};
		};
		443E424A29ADF8860046091B /* XCRemoteSwiftPackageReference "Alamofire" */ = {
			isa = XCRemoteSwiftPackageReference;
			repositoryURL = "https://github.com/Alamofire/Alamofire?ysclid=leo0h5dbj3719898344";
			requirement = {
				kind = upToNextMajorVersion;
				minimumVersion = 5.0.0;
			};
		};
/* End XCRemoteSwiftPackageReference section */

/* Begin XCSwiftPackageProductDependency section */
		065538DF29BB84A600E77CBC /* SQLite */ = {
			isa = XCSwiftPackageProductDependency;
			package = 065538DE29BB84A600E77CBC /* XCRemoteSwiftPackageReference "SQLite" */;
			productName = SQLite;
		};
		443E424629ADF8600046091B /* SnapKit */ = {
			isa = XCSwiftPackageProductDependency;
			package = 443E424529ADF8600046091B /* XCRemoteSwiftPackageReference "SnapKit" */;
			productName = SnapKit;
		};
		443E424B29ADF8860046091B /* Alamofire */ = {
			isa = XCSwiftPackageProductDependency;
			package = 443E424A29ADF8860046091B /* XCRemoteSwiftPackageReference "Alamofire" */;
			productName = Alamofire;
		};
/* End XCSwiftPackageProductDependency section */
	};
	rootObject = 443E422429ADF55A0046091B /* Project object */;
}
